
Microsoft Visual Studio Solution File, Format Version 12.00
# Visual Studio Version 17
VisualStudioVersion = 17.4.33122.133
MinimumVisualStudioVersion = 10.0.40219.1
Project("{FAE04EC0-301F-11D3-BF4B-00C04F79EFBC}") = "OOP_Database", "OOP_Database.csproj", "{A32EADAE-EED6-47B1-ADB6-45983E8BADD9}"
EndProject
Global
	GlobalSection(SolutionConfigurationPlatforms) = preSolution
		Debug|Any CPU = Debug|Any CPU
		Release|Any CPU = Release|Any CPU
	EndGlobalSection
	GlobalSection(ProjectConfigurationPlatforms) = postSolution
		{A32EADAE-EED6-47B1-ADB6-45983E8BADD9}.Debug|Any CPU.ActiveCfg = Debug|Any CPU
		{A32EADAE-EED6-47B1-ADB6-45983E8BADD9}.Debug|Any CPU.Build.0 = Debug|Any CPU
		{A32EADAE-EED6-47B1-ADB6-45983E8BADD9}.Release|Any CPU.ActiveCfg = Release|Any CPU
		{A32EADAE-EED6-47B1-ADB6-45983E8BADD9}.Release|Any CPU.Build.0 = Release|Any CPU
	EndGlobalSection
	GlobalSection(SolutionProperties) = preSolution
		HideSolutionNode = FALSE
	EndGlobalSection
	GlobalSection(ExtensibilityGlobals) = postSolution
		SolutionGuid = {5262F087-0F4A-4E29-A042-E632EF0476A5}
	EndGlobalSection
EndGlobal
